
Microsoft Visual Studio Solution File, Format Version 12.00
# Visual Studio Version 17
VisualStudioVersion = 17.9.34723.18
MinimumVisualStudioVersion = 10.0.40219.1
Project("{9A19103F-16F7-4668-BE54-9A1E7A4F7556}") = "ElectronicsFix", "ElectronicsFix\ElectronicsFix.csproj", "{8F9B8376-2438-43A0-BA85-8F04155DA8F6}"
EndProject
Project("{9A19103F-16F7-4668-BE54-9A1E7A4F7556}") = "Domains", "Domains\Domains.csproj", "{31422466-7714-4C88-AB8C-67E0B942C32A}"
EndProject
Project("{9A19103F-16F7-4668-BE54-9A1E7A4F7556}") = "Bl", "RazorClassLibrary1\Bl.csproj", "{5DA40ACF-7114-4A44-9CAB-BB3C3584063C}"
EndProject
Global
	GlobalSection(SolutionConfigurationPlatforms) = preSolution
		Debug|Any CPU = Debug|Any CPU
		Release|Any CPU = Release|Any CPU
	EndGlobalSection
	GlobalSection(ProjectConfigurationPlatforms) = postSolution
		{8F9B8376-2438-43A0-BA85-8F04155DA8F6}.Debug|Any CPU.ActiveCfg = Debug|Any CPU
		{8F9B8376-2438-43A0-BA85-8F04155DA8F6}.Debug|Any CPU.Build.0 = Debug|Any CPU
		{8F9B8376-2438-43A0-BA85-8F04155DA8F6}.Release|Any CPU.ActiveCfg = Release|Any CPU
		{8F9B8376-2438-43A0-BA85-8F04155DA8F6}.Release|Any CPU.Build.0 = Release|Any CPU
		{31422466-7714-4C88-AB8C-67E0B942C32A}.Debug|Any CPU.ActiveCfg = Debug|Any CPU
		{31422466-7714-4C88-AB8C-67E0B942C32A}.Debug|Any CPU.Build.0 = Debug|Any CPU
		{31422466-7714-4C88-AB8C-67E0B942C32A}.Release|Any CPU.ActiveCfg = Release|Any CPU
		{31422466-7714-4C88-AB8C-67E0B942C32A}.Release|Any CPU.Build.0 = Release|Any CPU
		{5DA40ACF-7114-4A44-9CAB-BB3C3584063C}.Debug|Any CPU.ActiveCfg = Debug|Any CPU
		{5DA40ACF-7114-4A44-9CAB-BB3C3584063C}.Debug|Any CPU.Build.0 = Debug|Any CPU
		{5DA40ACF-7114-4A44-9CAB-BB3C3584063C}.Release|Any CPU.ActiveCfg = Release|Any CPU
		{5DA40ACF-7114-4A44-9CAB-BB3C3584063C}.Release|Any CPU.Build.0 = Release|Any CPU
	EndGlobalSection
	GlobalSection(SolutionProperties) = preSolution
		HideSolutionNode = FALSE
	EndGlobalSection
	GlobalSection(ExtensibilityGlobals) = postSolution
		SolutionGuid = {E05511AF-4903-49DB-8CBA-1FEABE1D62F6}
	EndGlobalSection
EndGlobal
